Microsoft Visual Studio Solution File, Format Version 12.00
# Visual Studio Version 17
VisualStudioVersion = 17.5.2.0
MinimumVisualStudioVersion = 10.0.40219.1
Project("{FAE04EC0-301F-11D3-BF4B-00C04F79EFBC}") = "lesson046_configuration", "lesson046_configuration.csproj", "{01F9D4FA-8778-0DB9-C2B4-9857C37948D9}"
EndProject
Global
	GlobalSection(SolutionConfigurationPlatforms) = preSolution
		Debug|Any CPU = Debug|Any CPU
		Release|Any CPU = Release|Any CPU
	EndGlobalSection
	GlobalSection(ProjectConfigurationPlatforms) = postSolution
		{01F9D4FA-8778-0DB9-C2B4-9857C37948D9}.Debug|Any CPU.ActiveCfg = Debug|Any CPU
		{01F9D4FA-8778-0DB9-C2B4-9857C37948D9}.Debug|Any CPU.Build.0 = Debug|Any CPU
		{01F9D4FA-8778-0DB9-C2B4-9857C37948D9}.Release|Any CPU.ActiveCfg = Release|Any CPU
		{01F9D4FA-8778-0DB9-C2B4-9857C37948D9}.Release|Any CPU.Build.0 = Release|Any CPU
	EndGlobalSection
	GlobalSection(SolutionProperties) = preSolution
		HideSolutionNode = FALSE
	EndGlobalSection
	GlobalSection(ExtensibilityGlobals) = postSolution
		SolutionGuid = {3A1AEA10-23EF-4402-BEBF-1AD1BAE98C63}
	EndGlobalSection
EndGlobal
