Microsoft Visual Studio Solution File, Format Version 12.00
# Visual Studio Version 17
VisualStudioVersion = 17.5.2.0
MinimumVisualStudioVersion = 10.0.40219.1
Project("{FAE04EC0-301F-11D3-BF4B-00C04F79EFBC}") = "lesson031_linq", "lesson031_linq.csproj", "{0AE9E64B-BB4B-5557-FB42-457BBD16CA5B}"
EndProject
Global
	GlobalSection(SolutionConfigurationPlatforms) = preSolution
		Debug|Any CPU = Debug|Any CPU
		Release|Any CPU = Release|Any CPU
	EndGlobalSection
	GlobalSection(ProjectConfigurationPlatforms) = postSolution
		{0AE9E64B-BB4B-5557-FB42-457BBD16CA5B}.Debug|Any CPU.ActiveCfg = Debug|Any CPU
		{0AE9E64B-BB4B-5557-FB42-457BBD16CA5B}.Debug|Any CPU.Build.0 = Debug|Any CPU
		{0AE9E64B-BB4B-5557-FB42-457BBD16CA5B}.Release|Any CPU.ActiveCfg = Release|Any CPU
		{0AE9E64B-BB4B-5557-FB42-457BBD16CA5B}.Release|Any CPU.Build.0 = Release|Any CPU
	EndGlobalSection
	GlobalSection(SolutionProperties) = preSolution
		HideSolutionNode = FALSE
	EndGlobalSection
	GlobalSection(ExtensibilityGlobals) = postSolution
		SolutionGuid = {BB0A532B-DF84-4410-8925-1200AD2D2E68}
	EndGlobalSection
EndGlobal
