Microsoft Visual Studio Solution File, Format Version 12.00
# Visual Studio Version 17
VisualStudioVersion = 17.5.2.0
MinimumVisualStudioVersion = 10.0.40219.1
Project("{FAE04EC0-301F-11D3-BF4B-00C04F79EFBC}") = "lesson035_parallel", "lesson035_parallel.csproj", "{35A44E45-9EED-2B3A-4D9F-1A4C190C9385}"
EndProject
Global
	GlobalSection(SolutionConfigurationPlatforms) = preSolution
		Debug|Any CPU = Debug|Any CPU
		Release|Any CPU = Release|Any CPU
	EndGlobalSection
	GlobalSection(ProjectConfigurationPlatforms) = postSolution
		{35A44E45-9EED-2B3A-4D9F-1A4C190C9385}.Debug|Any CPU.ActiveCfg = Debug|Any CPU
		{35A44E45-9EED-2B3A-4D9F-1A4C190C9385}.Debug|Any CPU.Build.0 = Debug|Any CPU
		{35A44E45-9EED-2B3A-4D9F-1A4C190C9385}.Release|Any CPU.ActiveCfg = Release|Any CPU
		{35A44E45-9EED-2B3A-4D9F-1A4C190C9385}.Release|Any CPU.Build.0 = Release|Any CPU
	EndGlobalSection
	GlobalSection(SolutionProperties) = preSolution
		HideSolutionNode = FALSE
	EndGlobalSection
	GlobalSection(ExtensibilityGlobals) = postSolution
		SolutionGuid = {419116FF-3965-48F5-8B1B-872BBBF0CED3}
	EndGlobalSection
EndGlobal
