Microsoft Visual Studio Solution File, Format Version 12.00
# Visual Studio Version 17
VisualStudioVersion = 17.5.2.0
MinimumVisualStudioVersion = 10.0.40219.1
Project("{FAE04EC0-301F-11D3-BF4B-00C04F79EFBC}") = "lesson043_middleware", "lesson043_middleware.csproj", "{4B3D9D3F-1A83-62F6-2C5F-C9DBEBE67357}"
EndProject
Global
	GlobalSection(SolutionConfigurationPlatforms) = preSolution
		Debug|Any CPU = Debug|Any CPU
		Release|Any CPU = Release|Any CPU
	EndGlobalSection
	GlobalSection(ProjectConfigurationPlatforms) = postSolution
		{4B3D9D3F-1A83-62F6-2C5F-C9DBEBE67357}.Debug|Any CPU.ActiveCfg = Debug|Any CPU
		{4B3D9D3F-1A83-62F6-2C5F-C9DBEBE67357}.Debug|Any CPU.Build.0 = Debug|Any CPU
		{4B3D9D3F-1A83-62F6-2C5F-C9DBEBE67357}.Release|Any CPU.ActiveCfg = Release|Any CPU
		{4B3D9D3F-1A83-62F6-2C5F-C9DBEBE67357}.Release|Any CPU.Build.0 = Release|Any CPU
	EndGlobalSection
	GlobalSection(SolutionProperties) = preSolution
		HideSolutionNode = FALSE
	EndGlobalSection
	GlobalSection(ExtensibilityGlobals) = postSolution
		SolutionGuid = {473A794C-1487-4320-9E7E-4C17979596CD}
	EndGlobalSection
EndGlobal
