Microsoft Visual Studio Solution File, Format Version 12.00
# Visual Studio Version 17
VisualStudioVersion = 17.5.2.0
MinimumVisualStudioVersion = 10.0.40219.1
Project("{FAE04EC0-301F-11D3-BF4B-00C04F79EFBC}") = "lesson040_migration", "lesson040_migration.csproj", "{EC622858-6718-191C-B822-2D2D83574AB9}"
EndProject
Global
	GlobalSection(SolutionConfigurationPlatforms) = preSolution
		Debug|Any CPU = Debug|Any CPU
		Release|Any CPU = Release|Any CPU
	EndGlobalSection
	GlobalSection(ProjectConfigurationPlatforms) = postSolution
		{EC622858-6718-191C-B822-2D2D83574AB9}.Debug|Any CPU.ActiveCfg = Debug|Any CPU
		{EC622858-6718-191C-B822-2D2D83574AB9}.Debug|Any CPU.Build.0 = Debug|Any CPU
		{EC622858-6718-191C-B822-2D2D83574AB9}.Release|Any CPU.ActiveCfg = Release|Any CPU
		{EC622858-6718-191C-B822-2D2D83574AB9}.Release|Any CPU.Build.0 = Release|Any CPU
	EndGlobalSection
	GlobalSection(SolutionProperties) = preSolution
		HideSolutionNode = FALSE
	EndGlobalSection
	GlobalSection(ExtensibilityGlobals) = postSolution
		SolutionGuid = {152ED8F0-7A21-4D7F-9F47-8D98C708D36F}
	EndGlobalSection
EndGlobal
