Microsoft Visual Studio Solution File, Format Version 12.00
# Visual Studio Version 17
VisualStudioVersion = 17.5.2.0
MinimumVisualStudioVersion = 10.0.40219.1
Project("{FAE04EC0-301F-11D3-BF4B-00C04F79EFBC}") = "lesson048_mail", "lesson048_mail.csproj", "{04E47A1E-3B9F-2901-D2C9-97B598A08CBE}"
EndProject
Global
	GlobalSection(SolutionConfigurationPlatforms) = preSolution
		Debug|Any CPU = Debug|Any CPU
		Release|Any CPU = Release|Any CPU
	EndGlobalSection
	GlobalSection(ProjectConfigurationPlatforms) = postSolution
		{04E47A1E-3B9F-2901-D2C9-97B598A08CBE}.Debug|Any CPU.ActiveCfg = Debug|Any CPU
		{04E47A1E-3B9F-2901-D2C9-97B598A08CBE}.Debug|Any CPU.Build.0 = Debug|Any CPU
		{04E47A1E-3B9F-2901-D2C9-97B598A08CBE}.Release|Any CPU.ActiveCfg = Release|Any CPU
		{04E47A1E-3B9F-2901-D2C9-97B598A08CBE}.Release|Any CPU.Build.0 = Release|Any CPU
	EndGlobalSection
	GlobalSection(SolutionProperties) = preSolution
		HideSolutionNode = FALSE
	EndGlobalSection
	GlobalSection(ExtensibilityGlobals) = postSolution
		SolutionGuid = {B6539A10-8349-4034-8B21-3E88390376CA}
	EndGlobalSection
EndGlobal
