Microsoft Visual Studio Solution File, Format Version 12.00
# Visual Studio Version 17
VisualStudioVersion = 17.5.2.0
MinimumVisualStudioVersion = 10.0.40219.1
Project("{FAE04EC0-301F-11D3-BF4B-00C04F79EFBC}") = "lesson034_dependencyinjection", "lesson034_dependencyinjection.csproj", "{8736879F-F234-5777-192F-317F786AB7C8}"
EndProject
Global
	GlobalSection(SolutionConfigurationPlatforms) = preSolution
		Debug|Any CPU = Debug|Any CPU
		Release|Any CPU = Release|Any CPU
	EndGlobalSection
	GlobalSection(ProjectConfigurationPlatforms) = postSolution
		{8736879F-F234-5777-192F-317F786AB7C8}.Debug|Any CPU.ActiveCfg = Debug|Any CPU
		{8736879F-F234-5777-192F-317F786AB7C8}.Debug|Any CPU.Build.0 = Debug|Any CPU
		{8736879F-F234-5777-192F-317F786AB7C8}.Release|Any CPU.ActiveCfg = Release|Any CPU
		{8736879F-F234-5777-192F-317F786AB7C8}.Release|Any CPU.Build.0 = Release|Any CPU
	EndGlobalSection
	GlobalSection(SolutionProperties) = preSolution
		HideSolutionNode = FALSE
	EndGlobalSection
	GlobalSection(ExtensibilityGlobals) = postSolution
		SolutionGuid = {0402C950-F04B-435A-88E2-B4734F0B37FF}
	EndGlobalSection
EndGlobal
