Microsoft Visual Studio Solution File, Format Version 12.00
# Visual Studio Version 17
VisualStudioVersion = 17.5.2.0
MinimumVisualStudioVersion = 10.0.40219.1
Project("{FAE04EC0-301F-11D3-BF4B-00C04F79EFBC}") = "lesson041_scaffold", "lesson041_scaffold.csproj", "{DD76CD66-98FF-D0D8-A752-93E2B099DD88}"
EndProject
Global
	GlobalSection(SolutionConfigurationPlatforms) = preSolution
		Debug|Any CPU = Debug|Any CPU
		Release|Any CPU = Release|Any CPU
	EndGlobalSection
	GlobalSection(ProjectConfigurationPlatforms) = postSolution
		{DD76CD66-98FF-D0D8-A752-93E2B099DD88}.Debug|Any CPU.ActiveCfg = Debug|Any CPU
		{DD76CD66-98FF-D0D8-A752-93E2B099DD88}.Debug|Any CPU.Build.0 = Debug|Any CPU
		{DD76CD66-98FF-D0D8-A752-93E2B099DD88}.Release|Any CPU.ActiveCfg = Release|Any CPU
		{DD76CD66-98FF-D0D8-A752-93E2B099DD88}.Release|Any CPU.Build.0 = Release|Any CPU
	EndGlobalSection
	GlobalSection(SolutionProperties) = preSolution
		HideSolutionNode = FALSE
	EndGlobalSection
	GlobalSection(ExtensibilityGlobals) = postSolution
		SolutionGuid = {CFCDB690-625D-4A42-A18F-F5ABF34F9BA5}
	EndGlobalSection
EndGlobal
